{
  "version": 4,
  "terraform_version": "1.12.2",
  "serial": 8,
  "lineage": "0848d09c-bdd3-9d16-4569-0759aea4e4e2",
  "outputs": {
    "ami_id": {
      "value": "aws_instance.wordpress_server.ami_id",
      "type": "string"
    },
    "public_ip": {
      "value": "aws_instance.wordpress_server.public_ip",
      "type": "string"
    }
  },
  "resources": [
    {
      "mode": "managed",
      "type": "aws_key_pair",
      "name": "wordpress_key",
      "provider": "provider[\"registry.terraform.io/hashicorp/aws\"]",
      "instances": [
        {
          "schema_version": 1,
          "attributes": {
            "arn": "arn:aws:ec2:eu-west-2:241803840210:key-pair/wordpress-key",
            "fingerprint": "3e:d2:90:34:7d:81:9f:1a:12:ff:e5:fa:c4:0c:4f:de",
            "id": "wordpress-key",
            "key_name": "wordpress-key",
            "key_name_prefix": "",
            "key_pair_id": "key-0031e44963fb85e45",
            "key_type": "rsa",
            "public_key": "ssh-rsa AAAAB3NzaC1yc2EAAAADAQABAAACAQCqyjK1DYT5bb+xy9jscrtelfcnfPJHIlHSzeIVxU94a9dV9UBMJr09H/9ecpZ4YqlgHPHs8I666sV/NpI/qfQ2tXwRp9yVvY8C764Nh/HUZN+gqpb0OTORjUs4MK0tVP91/i9wIZ/m/CacaZQzyauuV+wZWpkQeoyBQsvCSJ00X8tJ6qtTImyOiKa8cciSlXh4rT1n8WBJs1ReRKb+KWqN9Gs+BJKkQf4LIHWLpo1PBUOdFYGF5jbiFU7OFMSCWIPqMhrVEWAef5OnGY95W3eGrNw63W4aXOUMLXkXbeXVEfAsSCpQZjESBWCvi6i4dEfExwcIWUVFSM1k06aq24z/VeQNd2Ia93h1DfyCE7xbwp37plgfixkB9nG0XPlskO4sOhWhCEzcH38mIurSCIQW7r/yZBIqHQKpJg1+C6+1iLXY3NKPuHaL5yyVtHzqP0RD5gbGncVIrdMFYhJYzqvFP7xdTemHgrwvhL9BsXCCmP3k2+3TTJ/PYWuPonSj5gB6Kv5u2LEJVqsyXRO9URQjkwZ8R5akoeeGd4RP6fdeQ+RiNu4zC52GPOkaaK9dFo5lkdfgmrjuO/6/tffa8I1LbAJxbIgl9SmRz12Mp/OuzcP1lWgmOd9gwuMZYYcPrjwc92StbP4prSVDYo7zMlQg3gYzXvf/xCmq/RgHB47f9Q== olu@Oluwapelumis-iMac.local",
            "tags": {},
            "tags_all": {}
          },
          "sensitive_attributes": [],
          "identity_schema_version": 0,
          "private": "eyJzY2hlbWFfdmVyc2lvbiI6IjEifQ=="
        }
      ]
    },
    {
      "mode": "managed",
      "type": "aws_security_group",
      "name": "wordpress_sg",
      "provider": "provider[\"registry.terraform.io/hashicorp/aws\"]",
      "instances": [
        {
          "schema_version": 1,
          "attributes": {
            "arn": "arn:aws:ec2:eu-west-2:241803840210:security-group/sg-060af8031814df016",
            "description": "Allow SSH and HTTP",
            "egress": [
              {
                "cidr_blocks": [
                  "0.0.0.0/0"
                ],
                "description": "",
                "from_port": 0,
                "ipv6_cidr_blocks": [],
                "prefix_list_ids": [],
                "protocol": "-1",
                "security_groups": [],
                "self": false,
                "to_port": 0
              }
            ],
            "id": "sg-060af8031814df016",
            "ingress": [
              {
                "cidr_blocks": [
                  "0.0.0.0/0"
                ],
                "description": "",
                "from_port": 22,
                "ipv6_cidr_blocks": [],
                "prefix_list_ids": [],
                "protocol": "tcp",
                "security_groups": [],
                "self": false,
                "to_port": 22
              },
              {
                "cidr_blocks": [
                  "0.0.0.0/0"
                ],
                "description": "",
                "from_port": 80,
                "ipv6_cidr_blocks": [],
                "prefix_list_ids": [],
                "protocol": "tcp",
                "security_groups": [],
                "self": false,
                "to_port": 80
              }
            ],
            "name": "wordpress-sg",
            "name_prefix": "",
            "owner_id": "241803840210",
            "revoke_rules_on_delete": false,
            "tags": {},
            "tags_all": {},
            "timeouts": null,
            "vpc_id": "vpc-086830dea205c9d26"
          },
          "sensitive_attributes": [],
          "identity_schema_version": 0,
          "private": "eyJlMmJmYjczMC1lY2FhLTExZTYtOGY4OC0zNDM2M2JjN2M0YzAiOnsiY3JlYXRlIjo2MDAwMDAwMDAwMDAsImRlbGV0ZSI6OTAwMDAwMDAwMDAwfSwic2NoZW1hX3ZlcnNpb24iOiIxIn0="
        }
      ]
    }
  ],
  "check_results": null
}
